
Microsoft Visual Studio Solution File, Format Version 12.00
# Visual Studio 15
VisualStudioVersion = 15.0.33801.198
MinimumVisualStudioVersion = 10.0.40219.1
Project("{FAE04EC0-301F-11D3-BF4B-00C04F79EFBC}") = "ProjectPractice", "ProjectPractice\ProjectPractice.csproj", "{446EB07C-1325-4F16-8879-C05CB2A31B86}"
EndProject
Global
	GlobalSection(SolutionConfigurationPlatforms) = preSolution
		Debug|Any CPU = Debug|Any CPU
		Release|Any CPU = Release|Any CPU
	EndGlobalSection
	GlobalSection(ProjectConfigurationPlatforms) = postSolution
		{446EB07C-1325-4F16-8879-C05CB2A31B86}.Debug|Any CPU.ActiveCfg = Debug|Any CPU
		{446EB07C-1325-4F16-8879-C05CB2A31B86}.Debug|Any CPU.Build.0 = Debug|Any CPU
		{446EB07C-1325-4F16-8879-C05CB2A31B86}.Release|Any CPU.ActiveCfg = Release|Any CPU
		{446EB07C-1325-4F16-8879-C05CB2A31B86}.Release|Any CPU.Build.0 = Release|Any CPU
	EndGlobalSection
	GlobalSection(SolutionProperties) = preSolution
		HideSolutionNode = FALSE
	EndGlobalSection
	GlobalSection(ExtensibilityGlobals) = postSolution
		SolutionGuid = {D29FC6A2-8034-43CA-A888-2F700A4416A8}
	EndGlobalSection
EndGlobal
